
Microsoft Visual Studio Solution File, Format Version 12.00
# Visual Studio Version 17
VisualStudioVersion = 17.14.36301.6 d17.14
MinimumVisualStudioVersion = 10.0.40219.1
Project("{FAE04EC0-301F-11D3-BF4B-00C04F79EFBC}") = "SportsStore.Domain", "SportsStore.Domain\SportsStore.Domain.csproj", "{A4B44BCE-DF96-4970-9059-F412334A37DE}"
EndProject
Project("{FAE04EC0-301F-11D3-BF4B-00C04F79EFBC}") = "SportsStore.WebUI", "SportsStore.WebUI\SportsStore.WebUI.csproj", "{2658F6D4-CAFE-43BE-9803-0727ABBE77CE}"
EndProject
Project("{FAE04EC0-301F-11D3-BF4B-00C04F79EFBC}") = "SportsStore.UnitTests", "SportsStore.UnitTests\SportsStore.UnitTests.csproj", "{A18DBD1C-6568-4633-82F5-24DC815CC614}"
EndProject
Global
	GlobalSection(SolutionConfigurationPlatforms) = preSolution
		Debug|Any CPU = Debug|Any CPU
		Release|Any CPU = Release|Any CPU
	EndGlobalSection
	GlobalSection(ProjectConfigurationPlatforms) = postSolution
		{A4B44BCE-DF96-4970-9059-F412334A37DE}.Debug|Any CPU.ActiveCfg = Debug|Any CPU
		{A4B44BCE-DF96-4970-9059-F412334A37DE}.Debug|Any CPU.Build.0 = Debug|Any CPU
		{A4B44BCE-DF96-4970-9059-F412334A37DE}.Release|Any CPU.ActiveCfg = Release|Any CPU
		{A4B44BCE-DF96-4970-9059-F412334A37DE}.Release|Any CPU.Build.0 = Release|Any CPU
		{2658F6D4-CAFE-43BE-9803-0727ABBE77CE}.Debug|Any CPU.ActiveCfg = Debug|Any CPU
		{2658F6D4-CAFE-43BE-9803-0727ABBE77CE}.Debug|Any CPU.Build.0 = Debug|Any CPU
		{2658F6D4-CAFE-43BE-9803-0727ABBE77CE}.Release|Any CPU.ActiveCfg = Release|Any CPU
		{2658F6D4-CAFE-43BE-9803-0727ABBE77CE}.Release|Any CPU.Build.0 = Release|Any CPU
		{A18DBD1C-6568-4633-82F5-24DC815CC614}.Debug|Any CPU.ActiveCfg = Debug|Any CPU
		{A18DBD1C-6568-4633-82F5-24DC815CC614}.Debug|Any CPU.Build.0 = Debug|Any CPU
		{A18DBD1C-6568-4633-82F5-24DC815CC614}.Release|Any CPU.ActiveCfg = Release|Any CPU
		{A18DBD1C-6568-4633-82F5-24DC815CC614}.Release|Any CPU.Build.0 = Release|Any CPU
	EndGlobalSection
	GlobalSection(SolutionProperties) = preSolution
		HideSolutionNode = FALSE
	EndGlobalSection
	GlobalSection(ExtensibilityGlobals) = postSolution
		SolutionGuid = {F5B3BE81-9488-4AD9-89AB-0E5E36DA669B}
	EndGlobalSection
EndGlobal
